// !$*UTF8*$!
{
	archiveVersion = 1;
	classes = {
	};
	objectVersion = 55;
	objects = {

/* Begin PBXBuildFile section */
		090CCAEF2809AF9200DD5CC0 /* FriendService.swift in Sources */ = {isa = PBXBuildFile; fileRef = 090CCAEE2809AF9100DD5CC0 /* FriendService.swift */; };
		09786EE3281692180078ABB4 /* OtherGroupsController.storyboard in Resources */ = {isa = PBXBuildFile; fileRef = 09786EE2281692180078ABB4 /* OtherGroupsController.storyboard */; };
		09786EE528182E030078ABB4 /* CurrentFriendInteractor.swift in Sources */ = {isa = PBXBuildFile; fileRef = 09786EE428182E030078ABB4 /* CurrentFriendInteractor.swift */; };
		09786EE728182E0E0078ABB4 /* CurrentFriendInteractorInput.swift in Sources */ = {isa = PBXBuildFile; fileRef = 09786EE628182E0E0078ABB4 /* CurrentFriendInteractorInput.swift */; };
		09786EE928182E180078ABB4 /* CurrentFriendInteractorOutput.swift in Sources */ = {isa = PBXBuildFile; fileRef = 09786EE828182E180078ABB4 /* CurrentFriendInteractorOutput.swift */; };
		09786EEB28182E250078ABB4 /* CurrentFriendPresenter.swift in Sources */ = {isa = PBXBuildFile; fileRef = 09786EEA28182E250078ABB4 /* CurrentFriendPresenter.swift */; };
		09786EEF28182E8A0078ABB4 /* CurrentFriendViewInput.swift in Sources */ = {isa = PBXBuildFile; fileRef = 09786EEE28182E8A0078ABB4 /* CurrentFriendViewInput.swift */; };
		09786EF128182E950078ABB4 /* CurrentFriendViewOutput.swift in Sources */ = {isa = PBXBuildFile; fileRef = 09786EF028182E950078ABB4 /* CurrentFriendViewOutput.swift */; };
		09786EF328182EC40078ABB4 /* CurrentFriendRouter.swift in Sources */ = {isa = PBXBuildFile; fileRef = 09786EF228182EC40078ABB4 /* CurrentFriendRouter.swift */; };
		09786EF528182ED60078ABB4 /* CurrentFriendRouterInput.swift in Sources */ = {isa = PBXBuildFile; fileRef = 09786EF428182ED60078ABB4 /* CurrentFriendRouterInput.swift */; };
		09786EF728182EE30078ABB4 /* CurrentFriendRouterOutput.swift in Sources */ = {isa = PBXBuildFile; fileRef = 09786EF628182EE30078ABB4 /* CurrentFriendRouterOutput.swift */; };
		09786EFC281831DD0078ABB4 /* CurrentFriendConfig.swift in Sources */ = {isa = PBXBuildFile; fileRef = 09786EFB281831DD0078ABB4 /* CurrentFriendConfig.swift */; };
		09786EFF2818451A0078ABB4 /* ViewCell.swift in Sources */ = {isa = PBXBuildFile; fileRef = 09786EFD281845190078ABB4 /* ViewCell.swift */; };
		09786F002818451A0078ABB4 /* ViewCell.xib in Resources */ = {isa = PBXBuildFile; fileRef = 09786EFE281845190078ABB4 /* ViewCell.xib */; };
		09B5AC792804AD6C00F20D27 /* AppDelegate.swift in Sources */ = {isa = PBXBuildFile; fileRef = 09B5AC782804AD6C00F20D27 /* AppDelegate.swift */; };
		09B5AC7B2804AD6C00F20D27 /* SceneDelegate.swift in Sources */ = {isa = PBXBuildFile; fileRef = 09B5AC7A2804AD6C00F20D27 /* SceneDelegate.swift */; };
		09B5AC7D2804AD6C00F20D27 /* ViewController.swift in Sources */ = {isa = PBXBuildFile; fileRef = 09B5AC7C2804AD6C00F20D27 /* ViewController.swift */; };
		09B5AC802804AD6C00F20D27 /* Main.storyboard in Resources */ = {isa = PBXBuildFile; fileRef = 09B5AC7E2804AD6C00F20D27 /* Main.storyboard */; };
		09B5AC822804AD6E00F20D27 /* Assets.xcassets in Resources */ = {isa = PBXBuildFile; fileRef = 09B5AC812804AD6E00F20D27 /* Assets.xcassets */; };
		09B5AC852804AD6E00F20D27 /* LaunchScreen.storyboard in Resources */ = {isa = PBXBuildFile; fileRef = 09B5AC832804AD6E00F20D27 /* LaunchScreen.storyboard */; };
		09B5AC8D2804B6C400F20D27 /* LoginFormController.swift in Sources */ = {isa = PBXBuildFile; fileRef = 09B5AC8C2804B6C400F20D27 /* LoginFormController.swift */; };
		09DF46F628071EC00093DCD5 /* Friend.swift in Sources */ = {isa = PBXBuildFile; fileRef = 09DF46F528071EC00093DCD5 /* Friend.swift */; };
		09E935082805DFFB0032F99A /* FriendsViewController.swift in Sources */ = {isa = PBXBuildFile; fileRef = 09E935072805DFFB0032F99A /* FriendsViewController.swift */; };
		09E9350A2805E0150032F99A /* FriendCell.swift in Sources */ = {isa = PBXBuildFile; fileRef = 09E935092805E0150032F99A /* FriendCell.swift */; };
		09E9350D2805E16C0032F99A /* CurrentFriendViewController.swift in Sources */ = {isa = PBXBuildFile; fileRef = 09E9350C2805E16C0032F99A /* CurrentFriendViewController.swift */; };
		09E935122805E46A0032F99A /* AllGroupsViewController.swift in Sources */ = {isa = PBXBuildFile; fileRef = 09E935112805E46A0032F99A /* AllGroupsViewController.swift */; };
		09E935142805E4CE0032F99A /* AllGroupsCell.swift in Sources */ = {isa = PBXBuildFile; fileRef = 09E935132805E4CE0032F99A /* AllGroupsCell.swift */; };
		09E935172805E5F90032F99A /* OtherGroupsCell.swift in Sources */ = {isa = PBXBuildFile; fileRef = 09E935162805E5F90032F99A /* OtherGroupsCell.swift */; };
		09E935192805E6090032F99A /* OtherGroupsViewController.swift in Sources */ = {isa = PBXBuildFile; fileRef = 09E935182805E6090032F99A /* OtherGroupsViewController.swift */; };
		09E9351B280708F90032F99A /* Group.swift in Sources */ = {isa = PBXBuildFile; fileRef = 09E9351A280708F90032F99A /* Group.swift */; };
		09ED1ED128103234009AF6FF /* AllGroupsViewController.storyboard in Resources */ = {isa = PBXBuildFile; fileRef = 09ED1ED028103234009AF6FF /* AllGroupsViewController.storyboard */; };
		09ED1ED32810324A009AF6FF /* CurrentFriendViewController.storyboard in Resources */ = {isa = PBXBuildFile; fileRef = 09ED1ED22810324A009AF6FF /* CurrentFriendViewController.storyboard */; };
		09ED1ED52810325D009AF6FF /* FriendsListViewController.storyboard in Resources */ = {isa = PBXBuildFile; fileRef = 09ED1ED42810325D009AF6FF /* FriendsListViewController.storyboard */; };
		09ED1ED728104564009AF6FF /* Singleton.swift in Sources */ = {isa = PBXBuildFile; fileRef = 09ED1ED628104564009AF6FF /* Singleton.swift */; };
		09ED1ED9281045C4009AF6FF /* GroupService.swift in Sources */ = {isa = PBXBuildFile; fileRef = 09ED1ED8281045C4009AF6FF /* GroupService.swift */; };
		5E28A21329C0B842728F5937 /* Pods_VK.framework in Frameworks */ = {isa = PBXBuildFile; fileRef = 1128B81F000CF466117548D4 /* Pods_VK.framework */; };
/* End PBXBuildFile section */

/* Begin PBXFileReference section */
		090CCAEE2809AF9100DD5CC0 /* FriendService.swift */ = {isa = PBXFileReference; fileEncoding = 4; lastKnownFileType = sourcecode.swift; path = FriendService.swift; sourceTree = "<group>"; };
		09786EE2281692180078ABB4 /* OtherGroupsController.storyboard */ = {isa = PBXFileReference; lastKnownFileType = file.storyboard; path = OtherGroupsController.storyboard; sourceTree = "<group>"; };
		09786EE428182E030078ABB4 /* CurrentFriendInteractor.swift */ = {isa = PBXFileReference; lastKnownFileType = sourcecode.swift; path = CurrentFriendInteractor.swift; sourceTree = "<group>"; };
		09786EE628182E0E0078ABB4 /* CurrentFriendInteractorInput.swift */ = {isa = PBXFileReference; lastKnownFileType = sourcecode.swift; path = CurrentFriendInteractorInput.swift; sourceTree = "<group>"; };
		09786EE828182E180078ABB4 /* CurrentFriendInteractorOutput.swift */ = {isa = PBXFileReference; lastKnownFileType = sourcecode.swift; path = CurrentFriendInteractorOutput.swift; sourceTree = "<group>"; };
		09786EEA28182E250078ABB4 /* CurrentFriendPresenter.swift */ = {isa = PBXFileReference; lastKnownFileType = sourcecode.swift; path = CurrentFriendPresenter.swift; sourceTree = "<group>"; };
		09786EEE28182E8A0078ABB4 /* CurrentFriendViewInput.swift */ = {isa = PBXFileReference; lastKnownFileType = sourcecode.swift; path = CurrentFriendViewInput.swift; sourceTree = "<group>"; };
		09786EF028182E950078ABB4 /* CurrentFriendViewOutput.swift */ = {isa = PBXFileReference; lastKnownFileType = sourcecode.swift; path = CurrentFriendViewOutput.swift; sourceTree = "<group>"; };
		09786EF228182EC40078ABB4 /* CurrentFriendRouter.swift */ = {isa = PBXFileReference; lastKnownFileType = sourcecode.swift; path = CurrentFriendRouter.swift; sourceTree = "<group>"; };
		09786EF428182ED60078ABB4 /* CurrentFriendRouterInput.swift */ = {isa = PBXFileReference; lastKnownFileType = sourcecode.swift; path = CurrentFriendRouterInput.swift; sourceTree = "<group>"; };
		09786EF628182EE30078ABB4 /* CurrentFriendRouterOutput.swift */ = {isa = PBXFileReference; lastKnownFileType = sourcecode.swift; path = CurrentFriendRouterOutput.swift; sourceTree = "<group>"; };
		09786EFB281831DD0078ABB4 /* CurrentFriendConfig.swift */ = {isa = PBXFileReference; lastKnownFileType = sourcecode.swift; path = CurrentFriendConfig.swift; sourceTree = "<group>"; };
		09786EFD281845190078ABB4 /* ViewCell.swift */ = {isa = PBXFileReference; lastKnownFileType = sourcecode.swift; path = ViewCell.swift; sourceTree = "<group>"; };
		09786EFE281845190078ABB4 /* ViewCell.xib */ = {isa = PBXFileReference; lastKnownFileType = file.xib; path = ViewCell.xib; sourceTree = "<group>"; };
		09B5AC752804AD6C00F20D27 /* VK.app */ = {isa = PBXFileReference; explicitFileType = wrapper.application; includeInIndex = 0; path = VK.app; sourceTree = BUILT_PRODUCTS_DIR; };
		09B5AC782804AD6C00F20D27 /* AppDelegate.swift */ = {isa = PBXFileReference; lastKnownFileType = sourcecode.swift; path = AppDelegate.swift; sourceTree = "<group>"; };
		09B5AC7A2804AD6C00F20D27 /* SceneDelegate.swift */ = {isa = PBXFileReference; lastKnownFileType = sourcecode.swift; path = SceneDelegate.swift; sourceTree = "<group>"; };
		09B5AC7C2804AD6C00F20D27 /* ViewController.swift */ = {isa = PBXFileReference; lastKnownFileType = sourcecode.swift; path = ViewController.swift; sourceTree = "<group>"; };
		09B5AC7F2804AD6C00F20D27 /* Base */ = {isa = PBXFileReference; lastKnownFileType = file.storyboard; name = Base; path = Base.lproj/Main.storyboard; sourceTree = "<group>"; };
		09B5AC812804AD6E00F20D27 /* Assets.xcassets */ = {isa = PBXFileReference; lastKnownFileType = folder.assetcatalog; path = Assets.xcassets; sourceTree = "<group>"; };
		09B5AC842804AD6E00F20D27 /* Base */ = {isa = PBXFileReference; lastKnownFileType = file.storyboard; name = Base; path = Base.lproj/LaunchScreen.storyboard; sourceTree = "<group>"; };
		09B5AC862804AD6E00F20D27 /* Info.plist */ = {isa = PBXFileReference; lastKnownFileType = text.plist.xml; path = Info.plist; sourceTree = "<group>"; };
		09B5AC8C2804B6C400F20D27 /* LoginFormController.swift */ = {isa = PBXFileReference; lastKnownFileType = sourcecode.swift; path = LoginFormController.swift; sourceTree = "<group>"; };
		09DF46F528071EC00093DCD5 /* Friend.swift */ = {isa = PBXFileReference; lastKnownFileType = sourcecode.swift; path = Friend.swift; sourceTree = "<group>"; };
		09E935072805DFFB0032F99A /* FriendsViewController.swift */ = {isa = PBXFileReference; lastKnownFileType = sourcecode.swift; path = FriendsViewController.swift; sourceTree = "<group>"; };
		09E935092805E0150032F99A /* FriendCell.swift */ = {isa = PBXFileReference; lastKnownFileType = sourcecode.swift; path = FriendCell.swift; sourceTree = "<group>"; };
		09E9350C2805E16C0032F99A /* CurrentFriendViewController.swift */ = {isa = PBXFileReference; lastKnownFileType = sourcecode.swift; name = CurrentFriendViewController.swift; path = ../CurrentFriendViewController.swift; sourceTree = "<group>"; };
		09E935112805E46A0032F99A /* AllGroupsViewController.swift */ = {isa = PBXFileReference; lastKnownFileType = sourcecode.swift; path = AllGroupsViewController.swift; sourceTree = "<group>"; };
		09E935132805E4CE0032F99A /* AllGroupsCell.swift */ = {isa = PBXFileReference; lastKnownFileType = sourcecode.swift; path = AllGroupsCell.swift; sourceTree = "<group>"; };
		09E935162805E5F90032F99A /* OtherGroupsCell.swift */ = {isa = PBXFileReference; lastKnownFileType = sourcecode.swift; path = OtherGroupsCell.swift; sourceTree = "<group>"; };
		09E935182805E6090032F99A /* OtherGroupsViewController.swift */ = {isa = PBXFileReference; lastKnownFileType = sourcecode.swift; path = OtherGroupsViewController.swift; sourceTree = "<group>"; };
		09E9351A280708F90032F99A /* Group.swift */ = {isa = PBXFileReference; lastKnownFileType = sourcecode.swift; path = Group.swift; sourceTree = "<group>"; };
		09ED1ED028103234009AF6FF /* AllGroupsViewController.storyboard */ = {isa = PBXFileReference; lastKnownFileType = file.storyboard; path = AllGroupsViewController.storyboard; sourceTree = "<group>"; };
		09ED1ED22810324A009AF6FF /* CurrentFriendViewController.storyboard */ = {isa = PBXFileReference; lastKnownFileType = file.storyboard; path = CurrentFriendViewController.storyboard; sourceTree = "<group>"; };
		09ED1ED42810325D009AF6FF /* FriendsListViewController.storyboard */ = {isa = PBXFileReference; lastKnownFileType = file.storyboard; path = FriendsListViewController.storyboard; sourceTree = "<group>"; };
		09ED1ED628104564009AF6FF /* Singleton.swift */ = {isa = PBXFileReference; lastKnownFileType = sourcecode.swift; path = Singleton.swift; sourceTree = "<group>"; };
		09ED1ED8281045C4009AF6FF /* GroupService.swift */ = {isa = PBXFileReference; lastKnownFileType = sourcecode.swift; path = GroupService.swift; sourceTree = "<group>"; };
		1128B81F000CF466117548D4 /* Pods_VK.framework */ = {isa = PBXFileReference; explicitFileType = wrapper.framework; includeInIndex = 0; path = Pods_VK.framework; sourceTree = BUILT_PRODUCTS_DIR; };
		6DB5BD70DAC6B0CE7F08B3AD /* Pods-VK.debug.xcconfig */ = {isa = PBXFileReference; includeInIndex = 1; lastKnownFileType = text.xcconfig; name = "Pods-VK.debug.xcconfig"; path = "Target Support Files/Pods-VK/Pods-VK.debug.xcconfig"; sourceTree = "<group>"; };
		DB238528D8E74D233E107AB7 /* Pods-VK.release.xcconfig */ = {isa = PBXFileReference; includeInIndex = 1; lastKnownFileType = text.xcconfig; name = "Pods-VK.release.xcconfig"; path = "Target Support Files/Pods-VK/Pods-VK.release.xcconfig"; sourceTree = "<group>"; };
/* End PBXFileReference section */

/* Begin PBXFrameworksBuildPhase section */
		09B5AC722804AD6C00F20D27 /* Frameworks */ = {
			isa = PBXFrameworksBuildPhase;
			buildActionMask = 2147483647;
			files = (
				5E28A21329C0B842728F5937 /* Pods_VK.framework in Frameworks */,
			);
			runOnlyForDeploymentPostprocessing = 0;
		};
/* End PBXFrameworksBuildPhase section */

/* Begin PBXGroup section */
		090CCAED2809AF9100DD5CC0 /* Services */ = {
			isa = PBXGroup;
			children = (
				09DF46F528071EC00093DCD5 /* Friend.swift */,
				090CCAEE2809AF9100DD5CC0 /* FriendService.swift */,
				09E9351A280708F90032F99A /* Group.swift */,
				09ED1ED8281045C4009AF6FF /* GroupService.swift */,
				09ED1ED628104564009AF6FF /* Singleton.swift */,
			);
			path = Services;
			sourceTree = "<group>";
		};
		09786EFA281831880078ABB4 /* Configuration */ = {
			isa = PBXGroup;
			children = (
				09786EFB281831DD0078ABB4 /* CurrentFriendConfig.swift */,
			);
			path = Configuration;
			sourceTree = "<group>";
		};
		09B5AC6C2804AD6C00F20D27 = {
			isa = PBXGroup;
			children = (
				09B5AC772804AD6C00F20D27 /* VK */,
				09B5AC762804AD6C00F20D27 /* Products */,
				30546D72F17CA39FA56FF22E /* Pods */,
				A5000854A221C6B7671ACA70 /* Frameworks */,
			);
			sourceTree = "<group>";
		};
		09B5AC762804AD6C00F20D27 /* Products */ = {
			isa = PBXGroup;
			children = (
				09B5AC752804AD6C00F20D27 /* VK.app */,
			);
			name = Products;
			sourceTree = "<group>";
		};
		09B5AC772804AD6C00F20D27 /* VK */ = {
			isa = PBXGroup;
			children = (
				090CCAED2809AF9100DD5CC0 /* Services */,
				09E935152805E5DA0032F99A /* OtherGroups */,
				09E935102805E1A00032F99A /* AllGroups */,
				09E9350B2805E13B0032F99A /* CurrentFriend */,
				09E935062805DE960032F99A /* FriendsList */,
				09B5AC782804AD6C00F20D27 /* AppDelegate.swift */,
				09B5AC8C2804B6C400F20D27 /* LoginFormController.swift */,
				09B5AC7A2804AD6C00F20D27 /* SceneDelegate.swift */,
				09B5AC7C2804AD6C00F20D27 /* ViewController.swift */,
				09B5AC7E2804AD6C00F20D27 /* Main.storyboard */,
				09B5AC812804AD6E00F20D27 /* Assets.xcassets */,
				09B5AC832804AD6E00F20D27 /* LaunchScreen.storyboard */,
				09B5AC862804AD6E00F20D27 /* Info.plist */,
			);
			path = VK;
			sourceTree = "<group>";
		};
		09E935062805DE960032F99A /* FriendsList */ = {
			isa = PBXGroup;
			children = (
				09E935072805DFFB0032F99A /* FriendsViewController.swift */,
				09ED1ECD281030E8009AF6FF /* Interactor */,
				09ED1ECC281030E1009AF6FF /* Router */,
				09ED1ECB281030DC009AF6FF /* Presenter */,
				09ED1ECA281030D9009AF6FF /* View */,
			);
			path = FriendsList;
			sourceTree = "<group>";
		};
		09E9350B2805E13B0032F99A /* CurrentFriend */ = {
			isa = PBXGroup;
			children = (
				09786EFA281831880078ABB4 /* Configuration */,
				09ED1EC5281030A3009AF6FF /* Interactor */,
				09ED1EC42810309E009AF6FF /* Presenter */,
				09ED1EC328103099009AF6FF /* Router */,
				09ED1EC228103093009AF6FF /* View */,
			);
			path = CurrentFriend;
			sourceTree = "<group>";
		};
		09E935102805E1A00032F99A /* AllGroups */ = {
			isa = PBXGroup;
			children = (
				09ED1EC128103090009AF6FF /* View */,
				09ED1EC028103088009AF6FF /* Router */,
				09ED1EBF28103081009AF6FF /* Presenter */,
				09ED1EBE28103077009AF6FF /* Interactor */,
				09E935112805E46A0032F99A /* AllGroupsViewController.swift */,
				09E935132805E4CE0032F99A /* AllGroupsCell.swift */,
			);
			path = AllGroups;
			sourceTree = "<group>";
		};
		09E935152805E5DA0032F99A /* OtherGroups */ = {
			isa = PBXGroup;
			children = (
				09ED1EC9281030D0009AF6FF /* Interactor */,
				09ED1EC8281030CA009AF6FF /* Presenter */,
				09ED1EC7281030C3009AF6FF /* Router */,
				09ED1EC6281030B4009AF6FF /* View */,
				09E935182805E6090032F99A /* OtherGroupsViewController.swift */,
				09E935162805E5F90032F99A /* OtherGroupsCell.swift */,
			);
			path = OtherGroups;
			sourceTree = "<group>";
		};
		09ED1EBE28103077009AF6FF /* Interactor */ = {
			isa = PBXGroup;
			children = (
			);
			path = Interactor;
			sourceTree = "<group>";
		};
		09ED1EBF28103081009AF6FF /* Presenter */ = {
			isa = PBXGroup;
			children = (
			);
			path = Presenter;
			sourceTree = "<group>";
		};
		09ED1EC028103088009AF6FF /* Router */ = {
			isa = PBXGroup;
			children = (
			);
			path = Router;
			sourceTree = "<group>";
		};
		09ED1EC128103090009AF6FF /* View */ = {
			isa = PBXGroup;
			children = (
				09ED1ED028103234009AF6FF /* AllGroupsViewController.storyboard */,
			);
			path = View;
			sourceTree = "<group>";
		};
		09ED1EC228103093009AF6FF /* View */ = {
			isa = PBXGroup;
			children = (
				09ED1ED22810324A009AF6FF /* CurrentFriendViewController.storyboard */,
				09E9350C2805E16C0032F99A /* CurrentFriendViewController.swift */,
				09786EEE28182E8A0078ABB4 /* CurrentFriendViewInput.swift */,
				09786EF028182E950078ABB4 /* CurrentFriendViewOutput.swift */,
				09786EFD281845190078ABB4 /* ViewCell.swift */,
				09786EFE281845190078ABB4 /* ViewCell.xib */,
			);
			path = View;
			sourceTree = "<group>";
		};
		09ED1EC328103099009AF6FF /* Router */ = {
			isa = PBXGroup;
			children = (
				09786EF228182EC40078ABB4 /* CurrentFriendRouter.swift */,
				09786EF428182ED60078ABB4 /* CurrentFriendRouterInput.swift */,
				09786EF628182EE30078ABB4 /* CurrentFriendRouterOutput.swift */,
			);
			path = Router;
			sourceTree = "<group>";
		};
		09ED1EC42810309E009AF6FF /* Presenter */ = {
			isa = PBXGroup;
			children = (
				09786EEA28182E250078ABB4 /* CurrentFriendPresenter.swift */,
			);
			path = Presenter;
			sourceTree = "<group>";
		};
		09ED1EC5281030A3009AF6FF /* Interactor */ = {
			isa = PBXGroup;
			children = (
				09786EE428182E030078ABB4 /* CurrentFriendInteractor.swift */,
				09786EE628182E0E0078ABB4 /* CurrentFriendInteractorInput.swift */,
				09786EE828182E180078ABB4 /* CurrentFriendInteractorOutput.swift */,
			);
			path = Interactor;
			sourceTree = "<group>";
		};
		09ED1EC6281030B4009AF6FF /* View */ = {
			isa = PBXGroup;
			children = (
				09786EE2281692180078ABB4 /* OtherGroupsController.storyboard */,
			);
			path = View;
			sourceTree = "<group>";
		};
		09ED1EC7281030C3009AF6FF /* Router */ = {
			isa = PBXGroup;
			children = (
			);
			path = Router;
			sourceTree = "<group>";
		};
		09ED1EC8281030CA009AF6FF /* Presenter */ = {
			isa = PBXGroup;
			children = (
			);
			path = Presenter;
			sourceTree = "<group>";
		};
		09ED1EC9281030D0009AF6FF /* Interactor */ = {
			isa = PBXGroup;
			children = (
			);
			path = Interactor;
			sourceTree = "<group>";
		};
		09ED1ECA281030D9009AF6FF /* View */ = {
			isa = PBXGroup;
			children = (
				09ED1ED42810325D009AF6FF /* FriendsListViewController.storyboard */,
				09E935092805E0150032F99A /* FriendCell.swift */,
			);
			path = View;
			sourceTree = "<group>";
		};
		09ED1ECB281030DC009AF6FF /* Presenter */ = {
			isa = PBXGroup;
			children = (
			);
			path = Presenter;
			sourceTree = "<group>";
		};
		09ED1ECC281030E1009AF6FF /* Router */ = {
			isa = PBXGroup;
			children = (
			);
			path = Router;
			sourceTree = "<group>";
		};
		09ED1ECD281030E8009AF6FF /* Interactor */ = {
			isa = PBXGroup;
			children = (
			);
			path = Interactor;
			sourceTree = "<group>";
		};
		30546D72F17CA39FA56FF22E /* Pods */ = {
			isa = PBXGroup;
			children = (
				6DB5BD70DAC6B0CE7F08B3AD /* Pods-VK.debug.xcconfig */,
				DB238528D8E74D233E107AB7 /* Pods-VK.release.xcconfig */,
			);
			path = Pods;
			sourceTree = "<group>";
		};
		A5000854A221C6B7671ACA70 /* Frameworks */ = {
			isa = PBXGroup;
			children = (
				1128B81F000CF466117548D4 /* Pods_VK.framework */,
			);
			name = Frameworks;
			sourceTree = "<group>";
		};
/* End PBXGroup section */

/* Begin PBXNativeTarget section */
		09B5AC742804AD6C00F20D27 /* VK */ = {
			isa = PBXNativeTarget;
			buildConfigurationList = 09B5AC892804AD6E00F20D27 /* Build configuration list for PBXNativeTarget "VK" */;
			buildPhases = (
				DC3068A80BBBD3F9B04A17F4 /* [CP] Check Pods Manifest.lock */,
				09B5AC712804AD6C00F20D27 /* Sources */,
				09B5AC722804AD6C00F20D27 /* Frameworks */,
				09B5AC732804AD6C00F20D27 /* Resources */,
				0B256D93976D23770F821A18 /* [CP] Embed Pods Frameworks */,
			);
			buildRules = (
			);
			dependencies = (
			);
			name = VK;
			productName = VK;
			productReference = 09B5AC752804AD6C00F20D27 /* VK.app */;
			productType = "com.apple.product-type.application";
		};
/* End PBXNativeTarget section */

/* Begin PBXProject section */
		09B5AC6D2804AD6C00F20D27 /* Project object */ = {
			isa = PBXProject;
			attributes = {
				BuildIndependentTargetsInParallel = 1;
				LastSwiftUpdateCheck = 1310;
				LastUpgradeCheck = 1310;
				TargetAttributes = {
					09B5AC742804AD6C00F20D27 = {
						CreatedOnToolsVersion = 13.1;
					};
				};
			};
			buildConfigurationList = 09B5AC702804AD6C00F20D27 /* Build configuration list for PBXProject "VK" */;
			compatibilityVersion = "Xcode 13.0";
			developmentRegion = en;
			hasScannedForEncodings = 0;
			knownRegions = (
				en,
				Base,
			);
			mainGroup = 09B5AC6C2804AD6C00F20D27;
			productRefGroup = 09B5AC762804AD6C00F20D27 /* Products */;
			projectDirPath = "";
			projectRoot = "";
			targets = (
				09B5AC742804AD6C00F20D27 /* VK */,
			);
		};
/* End PBXProject section */

/* Begin PBXResourcesBuildPhase section */
		09B5AC732804AD6C00F20D27 /* Resources */ = {
			isa = PBXResourcesBuildPhase;
			buildActionMask = 2147483647;
			files = (
				09786F002818451A0078ABB4 /* ViewCell.xib in Resources */,
				09B5AC852804AD6E00F20D27 /* LaunchScreen.storyboard in Resources */,
				09786EE3281692180078ABB4 /* OtherGroupsController.storyboard in Resources */,
				09ED1ED128103234009AF6FF /* AllGroupsViewController.storyboard in Resources */,
				09B5AC822804AD6E00F20D27 /* Assets.xcassets in Resources */,
				09ED1ED52810325D009AF6FF /* FriendsListViewController.storyboard in Resources */,
				09B5AC802804AD6C00F20D27 /* Main.storyboard in Resources */,
				09ED1ED32810324A009AF6FF /* CurrentFriendViewController.storyboard in Resources */,
			);
			runOnlyForDeploymentPostprocessing = 0;
		};
/* End PBXResourcesBuildPhase section */

/* Begin PBXShellScriptBuildPhase section */
		0B256D93976D23770F821A18 /* [CP] Embed Pods Frameworks */ = {
			isa = PBXShellScriptBuildPhase;
			buildActionMask = 2147483647;
			files = (
			);
			inputFileListPaths = (
				"${PODS_ROOT}/Target Support Files/Pods-VK/Pods-VK-frameworks-${CONFIGURATION}-input-files.xcfilelist",
			);
			name = "[CP] Embed Pods Frameworks";
			outputFileListPaths = (
				"${PODS_ROOT}/Target Support Files/Pods-VK/Pods-VK-frameworks-${CONFIGURATION}-output-files.xcfilelist",
			);
			runOnlyForDeploymentPostprocessing = 0;
			shellPath = /bin/sh;
			shellScript = "\"${PODS_ROOT}/Target Support Files/Pods-VK/Pods-VK-frameworks.sh\"\n";
			showEnvVarsInLog = 0;
		};
		DC3068A80BBBD3F9B04A17F4 /* [CP] Check Pods Manifest.lock */ = {
			isa = PBXShellScriptBuildPhase;
			buildActionMask = 2147483647;
			files = (
			);
			inputFileListPaths = (
			);
			inputPaths = (
				"${PODS_PODFILE_DIR_PATH}/Podfile.lock",
				"${PODS_ROOT}/Manifest.lock",
			);
			name = "[CP] Check Pods Manifest.lock";
			outputFileListPaths = (
			);
			outputPaths = (
				"$(DERIVED_FILE_DIR)/Pods-VK-checkManifestLockResult.txt",
			);
			runOnlyForDeploymentPostprocessing = 0;
			shellPath = /bin/sh;
			shellScript = "diff \"${PODS_PODFILE_DIR_PATH}/Podfile.lock\" \"${PODS_ROOT}/Manifest.lock\" > /dev/null\nif [ $? != 0 ] ; then\n    # print error to STDERR\n    echo \"error: The sandbox is not in sync with the Podfile.lock. Run 'pod install' or update your CocoaPods installation.\" >&2\n    exit 1\nfi\n# This output is used by Xcode 'outputs' to avoid re-running this script phase.\necho \"SUCCESS\" > \"${SCRIPT_OUTPUT_FILE_0}\"\n";
			showEnvVarsInLog = 0;
		};
/* End PBXShellScriptBuildPhase section */

/* Begin PBXSourcesBuildPhase section */
		09B5AC712804AD6C00F20D27 /* Sources */ = {
			isa = PBXSourcesBuildPhase;
			buildActionMask = 2147483647;
			files = (
				09786EE728182E0E0078ABB4 /* CurrentFriendInteractorInput.swift in Sources */,
				09B5AC7D2804AD6C00F20D27 /* ViewController.swift in Sources */,
				09DF46F628071EC00093DCD5 /* Friend.swift in Sources */,
				09E9350A2805E0150032F99A /* FriendCell.swift in Sources */,
				09786EFF2818451A0078ABB4 /* ViewCell.swift in Sources */,
				09E935082805DFFB0032F99A /* FriendsViewController.swift in Sources */,
				09E935142805E4CE0032F99A /* AllGroupsCell.swift in Sources */,
				09786EF728182EE30078ABB4 /* CurrentFriendRouterOutput.swift in Sources */,
				09B5AC8D2804B6C400F20D27 /* LoginFormController.swift in Sources */,
				09E935122805E46A0032F99A /* AllGroupsViewController.swift in Sources */,
				09786EF328182EC40078ABB4 /* CurrentFriendRouter.swift in Sources */,
				09E9351B280708F90032F99A /* Group.swift in Sources */,
				09E9350D2805E16C0032F99A /* CurrentFriendViewController.swift in Sources */,
				09786EFC281831DD0078ABB4 /* CurrentFriendConfig.swift in Sources */,
				09E935192805E6090032F99A /* OtherGroupsViewController.swift in Sources */,
				09B5AC792804AD6C00F20D27 /* AppDelegate.swift in Sources */,
				09786EE928182E180078ABB4 /* CurrentFriendInteractorOutput.swift in Sources */,
				09786EF128182E950078ABB4 /* CurrentFriendViewOutput.swift in Sources */,
				09786EE528182E030078ABB4 /* CurrentFriendInteractor.swift in Sources */,
				090CCAEF2809AF9200DD5CC0 /* FriendService.swift in Sources */,
				09786EF528182ED60078ABB4 /* CurrentFriendRouterInput.swift in Sources */,
				09ED1ED728104564009AF6FF /* Singleton.swift in Sources */,
				09ED1ED9281045C4009AF6FF /* GroupService.swift in Sources */,
				09B5AC7B2804AD6C00F20D27 /* SceneDelegate.swift in Sources */,
				09786EEF28182E8A0078ABB4 /* CurrentFriendViewInput.swift in Sources */,
				09786EEB28182E250078ABB4 /* CurrentFriendPresenter.swift in Sources */,
				09E935172805E5F90032F99A /* OtherGroupsCell.swift in Sources */,
			);
			runOnlyForDeploymentPostprocessing = 0;
		};
/* End PBXSourcesBuildPhase section */

/* Begin PBXVariantGroup section */
		09B5AC7E2804AD6C00F20D27 /* Main.storyboard */ = {
			isa = PBXVariantGroup;
			children = (
				09B5AC7F2804AD6C00F20D27 /* Base */,
			);
			name = Main.storyboard;
			sourceTree = "<group>";
		};
		09B5AC832804AD6E00F20D27 /* LaunchScreen.storyboard */ = {
			isa = PBXVariantGroup;
			children = (
				09B5AC842804AD6E00F20D27 /* Base */,
			);
			name = LaunchScreen.storyboard;
			sourceTree = "<group>";
		};
/* End PBXVariantGroup section */

/* Begin XCBuildConfiguration section */
		09B5AC872804AD6E00F20D27 /* Debug */ = {
			isa = XCBuildConfiguration;
			buildSettings = {
				ALWAYS_SEARCH_USER_PATHS = NO;
				CLANG_ANALYZER_NONNULL = YES;
				CLANG_ANALYZER_NUMBER_OBJECT_CONVERSION = YES_AGGRESSIVE;
				CLANG_CXX_LANGUAGE_STANDARD = "gnu++17";
				CLANG_CXX_LIBRARY = "libc++";
				CLANG_ENABLE_MODULES = YES;
				CLANG_ENABLE_OBJC_ARC = YES;
				CLANG_ENABLE_OBJC_WEAK = YES;
				CLANG_WARN_BLOCK_CAPTURE_AUTORELEASING = YES;
				CLANG_WARN_BOOL_CONVERSION = YES;
				CLANG_WARN_COMMA = YES;
				CLANG_WARN_CONSTANT_CONVERSION = YES;
				CLANG_WARN_DEPRECATED_OBJC_IMPLEMENTATIONS = YES;
				CLANG_WARN_DIRECT_OBJC_ISA_USAGE = YES_ERROR;
				CLANG_WARN_DOCUMENTATION_COMMENTS = YES;
				CLANG_WARN_EMPTY_BODY = YES;
				CLANG_WARN_ENUM_CONVERSION = YES;
				CLANG_WARN_INFINITE_RECURSION = YES;
				CLANG_WARN_INT_CONVERSION = YES;
				CLANG_WARN_NON_LITERAL_NULL_CONVERSION = YES;
				CLANG_WARN_OBJC_IMPLICIT_RETAIN_SELF = YES;
				CLANG_WARN_OBJC_LITERAL_CONVERSION = YES;
				CLANG_WARN_OBJC_ROOT_CLASS = YES_ERROR;
				CLANG_WARN_QUOTED_INCLUDE_IN_FRAMEWORK_HEADER = YES;
				CLANG_WARN_RANGE_LOOP_ANALYSIS = YES;
				CLANG_WARN_STRICT_PROTOTYPES = YES;
				CLANG_WARN_SUSPICIOUS_MOVE = YES;
				CLANG_WARN_UNGUARDED_AVAILABILITY = YES_AGGRESSIVE;
				CLANG_WARN_UNREACHABLE_CODE = YES;
				CLANG_WARN__DUPLICATE_METHOD_MATCH = YES;
				COPY_PHASE_STRIP = NO;
				DEBUG_INFORMATION_FORMAT = dwarf;
				ENABLE_STRICT_OBJC_MSGSEND = YES;
				ENABLE_TESTABILITY = YES;
				GCC_C_LANGUAGE_STANDARD = gnu11;
				GCC_DYNAMIC_NO_PIC = NO;
				GCC_NO_COMMON_BLOCKS = YES;
				GCC_OPTIMIZATION_LEVEL = 0;
				GCC_PREPROCESSOR_DEFINITIONS = (
					"DEBUG=1",
					"$(inherited)",
				);
				GCC_WARN_64_TO_32_BIT_CONVERSION = YES;
				GCC_WARN_ABOUT_RETURN_TYPE = YES_ERROR;
				GCC_WARN_UNDECLARED_SELECTOR = YES;
				GCC_WARN_UNINITIALIZED_AUTOS = YES_AGGRESSIVE;
				GCC_WARN_UNUSED_FUNCTION = YES;
				GCC_WARN_UNUSED_VARIABLE = YES;
				IPHONEOS_DEPLOYMENT_TARGET = 15.0;
				MTL_ENABLE_DEBUG_INFO = INCLUDE_SOURCE;
				MTL_FAST_MATH = YES;
				ONLY_ACTIVE_ARCH = YES;
				SDKROOT = iphoneos;
				SWIFT_ACTIVE_COMPILATION_CONDITIONS = DEBUG;
				SWIFT_OPTIMIZATION_LEVEL = "-Onone";
			};
			name = Debug;
		};
		09B5AC882804AD6E00F20D27 /* Release */ = {
			isa = XCBuildConfiguration;
			buildSettings = {
				ALWAYS_SEARCH_USER_PATHS = NO;
				CLANG_ANALYZER_NONNULL = YES;
				CLANG_ANALYZER_NUMBER_OBJECT_CONVERSION = YES_AGGRESSIVE;
				CLANG_CXX_LANGUAGE_STANDARD = "gnu++17";
				CLANG_CXX_LIBRARY = "libc++";
				CLANG_ENABLE_MODULES = YES;
				CLANG_ENABLE_OBJC_ARC = YES;
				CLANG_ENABLE_OBJC_WEAK = YES;
				CLANG_WARN_BLOCK_CAPTURE_AUTORELEASING = YES;
				CLANG_WARN_BOOL_CONVERSION = YES;
				CLANG_WARN_COMMA = YES;
				CLANG_WARN_CONSTANT_CONVERSION = YES;
				CLANG_WARN_DEPRECATED_OBJC_IMPLEMENTATIONS = YES;
				CLANG_WARN_DIRECT_OBJC_ISA_USAGE = YES_ERROR;
				CLANG_WARN_DOCUMENTATION_COMMENTS = YES;
				CLANG_WARN_EMPTY_BODY = YES;
				CLANG_WARN_ENUM_CONVERSION = YES;
				CLANG_WARN_INFINITE_RECURSION = YES;
				CLANG_WARN_INT_CONVERSION = YES;
				CLANG_WARN_NON_LITERAL_NULL_CONVERSION = YES;
				CLANG_WARN_OBJC_IMPLICIT_RETAIN_SELF = YES;
				CLANG_WARN_OBJC_LITERAL_CONVERSION = YES;
				CLANG_WARN_OBJC_ROOT_CLASS = YES_ERROR;
				CLANG_WARN_QUOTED_INCLUDE_IN_FRAMEWORK_HEADER = YES;
				CLANG_WARN_RANGE_LOOP_ANALYSIS = YES;
				CLANG_WARN_STRICT_PROTOTYPES = YES;
				CLANG_WARN_SUSPICIOUS_MOVE = YES;
				CLANG_WARN_UNGUARDED_AVAILABILITY = YES_AGGRESSIVE;
				CLANG_WARN_UNREACHABLE_CODE = YES;
				CLANG_WARN__DUPLICATE_METHOD_MATCH = YES;
				COPY_PHASE_STRIP = NO;
				DEBUG_INFORMATION_FORMAT = "dwarf-with-dsym";
				ENABLE_NS_ASSERTIONS = NO;
				ENABLE_STRICT_OBJC_MSGSEND = YES;
				GCC_C_LANGUAGE_STANDARD = gnu11;
				GCC_NO_COMMON_BLOCKS = YES;
				GCC_WARN_64_TO_32_BIT_CONVERSION = YES;
				GCC_WARN_ABOUT_RETURN_TYPE = YES_ERROR;
				GCC_WARN_UNDECLARED_SELECTOR = YES;
				GCC_WARN_UNINITIALIZED_AUTOS = YES_AGGRESSIVE;
				GCC_WARN_UNUSED_FUNCTION = YES;
				GCC_WARN_UNUSED_VARIABLE = YES;
				IPHONEOS_DEPLOYMENT_TARGET = 15.0;
				MTL_ENABLE_DEBUG_INFO = NO;
				MTL_FAST_MATH = YES;
				SDKROOT = iphoneos;
				SWIFT_COMPILATION_MODE = wholemodule;
				SWIFT_OPTIMIZATION_LEVEL = "-O";
				VALIDATE_PRODUCT = YES;
			};
			name = Release;
		};
		09B5AC8A2804AD6E00F20D27 /* Debug */ = {
			isa = XCBuildConfiguration;
			baseConfigurationReference = 6DB5BD70DAC6B0CE7F08B3AD /* Pods-VK.debug.xcconfig */;
			buildSettings = {
				ASSETCATALOG_COMPILER_APPICON_NAME = AppIcon;
				ASSETCATALOG_COMPILER_GLOBAL_ACCENT_COLOR_NAME = AccentColor;
				CODE_SIGN_STYLE = Automatic;
				CURRENT_PROJECT_VERSION = 1;
				DEVELOPMENT_TEAM = E5A9RJ73G5;
				GENERATE_INFOPLIST_FILE = YES;
				INFOPLIST_FILE = VK/Info.plist;
				INFOPLIST_KEY_CFBundleDisplayName = VK;
				INFOPLIST_KEY_UIApplicationSupportsIndirectInputEvents = YES;
				INFOPLIST_KEY_UILaunchStoryboardName = LaunchScreen;
				INFOPLIST_KEY_UIMainStoryboardFile = Main;
				INFOPLIST_KEY_UISupportedInterfaceOrientations_iPad = "UIInterfaceOrientationPortrait UIInterfaceOrientationPortraitUpsideDown UIInterfaceOrientationLandscapeLeft UIInterfaceOrientationLandscapeRight";
				INFOPLIST_KEY_UISupportedInterfaceOrientations_iPhone = "UIInterfaceOrientationPortrait UIInterfaceOrientationLandscapeLeft UIInterfaceOrientationLandscapeRight";
				LD_RUNPATH_SEARCH_PATHS = (
					"$(inherited)",
					"@executable_path/Frameworks",
				);
				MARKETING_VERSION = 1.0;
				PRODUCT_BUNDLE_IDENTIFIER = SergeyMelnik.VK;
				PRODUCT_NAME = "$(TARGET_NAME)";
				SWIFT_EMIT_LOC_STRINGS = YES;
				SWIFT_VERSION = 5.0;
				TARGETED_DEVICE_FAMILY = "1,2";
			};
			name = Debug;
		};
		09B5AC8B2804AD6E00F20D27 /* Release */ = {
			isa = XCBuildConfiguration;
			baseConfigurationReference = DB238528D8E74D233E107AB7 /* Pods-VK.release.xcconfig */;
			buildSettings = {
				ASSETCATALOG_COMPILER_APPICON_NAME = AppIcon;
				ASSETCATALOG_COMPILER_GLOBAL_ACCENT_COLOR_NAME = AccentColor;
				CODE_SIGN_STYLE = Automatic;
				CURRENT_PROJECT_VERSION = 1;
				DEVELOPMENT_TEAM = E5A9RJ73G5;
				GENERATE_INFOPLIST_FILE = YES;
				INFOPLIST_FILE = VK/Info.plist;
				INFOPLIST_KEY_CFBundleDisplayName = VK;
				INFOPLIST_KEY_UIApplicationSupportsIndirectInputEvents = YES;
				INFOPLIST_KEY_UILaunchStoryboardName = LaunchScreen;
				INFOPLIST_KEY_UIMainStoryboardFile = Main;
				INFOPLIST_KEY_UISupportedInterfaceOrientations_iPad = "UIInterfaceOrientationPortrait UIInterfaceOrientationPortraitUpsideDown UIInterfaceOrientationLandscapeLeft UIInterfaceOrientationLandscapeRight";
				INFOPLIST_KEY_UISupportedInterfaceOrientations_iPhone = "UIInterfaceOrientationPortrait UIInterfaceOrientationLandscapeLeft UIInterfaceOrientationLandscapeRight";
				LD_RUNPATH_SEARCH_PATHS = (
					"$(inherited)",
					"@executable_path/Frameworks",
				);
				MARKETING_VERSION = 1.0;
				PRODUCT_BUNDLE_IDENTIFIER = SergeyMelnik.VK;
				PRODUCT_NAME = "$(TARGET_NAME)";
				SWIFT_EMIT_LOC_STRINGS = YES;
				SWIFT_VERSION = 5.0;
				TARGETED_DEVICE_FAMILY = "1,2";
			};
			name = Release;
		};
/* End XCBuildConfiguration section */

/* Begin XCConfigurationList section */
		09B5AC702804AD6C00F20D27 /* Build configuration list for PBXProject "VK" */ = {
			isa = XCConfigurationList;
			buildConfigurations = (
				09B5AC872804AD6E00F20D27 /* Debug */,
				09B5AC882804AD6E00F20D27 /* Release */,
			);
			defaultConfigurationIsVisible = 0;
			defaultConfigurationName = Release;
		};
		09B5AC892804AD6E00F20D27 /* Build configuration list for PBXNativeTarget "VK" */ = {
			isa = XCConfigurationList;
			buildConfigurations = (
				09B5AC8A2804AD6E00F20D27 /* Debug */,
				09B5AC8B2804AD6E00F20D27 /* Release */,
			);
			defaultConfigurationIsVisible = 0;
			defaultConfigurationName = Release;
		};
/* End XCConfigurationList section */
	};
	rootObject = 09B5AC6D2804AD6C00F20D27 /* Project object */;
}
